
Microsoft Visual Studio Solution File, Format Version 12.00
# Visual Studio Version 17
VisualStudioVersion = 17.2.32526.322
MinimumVisualStudioVersion = 10.0.40219.1
Project("{9A19103F-16F7-4668-BE54-9A1E7A4F7556}") = "2_Encapsulation", "2_Encapsulation\2_Encapsulation.csproj", "{137AE305-49EB-45D6-A32E-1221EDE20A73}"
EndProject
Project("{9A19103F-16F7-4668-BE54-9A1E7A4F7556}") = "2_Encapsulation_2", "2_Encapsulation_2\2_Encapsulation_2.csproj", "{78EDB429-5479-469F-9A86-E7F1082E8343}"
EndProject
Project("{9A19103F-16F7-4668-BE54-9A1E7A4F7556}") = "2_Encapsulation_3", "2_Encapsulation_3\2_Encapsulation_3.csproj", "{638C4035-75A3-4E96-AD64-F18482B86473}"
EndProject
Project("{9A19103F-16F7-4668-BE54-9A1E7A4F7556}") = "1_Class_1", "1_Class_1\1_Class_1.csproj", "{465A99D3-5047-4617-AA12-1AB7541CBDF7}"
EndProject
Project("{9A19103F-16F7-4668-BE54-9A1E7A4F7556}") = "3_Constructor", "3_Constructor\3_Constructor.csproj", "{49B3E7B6-E39E-438A-AB30-8A825A3AC6BE}"
EndProject
Project("{9A19103F-16F7-4668-BE54-9A1E7A4F7556}") = "3_Constructor_Encapsulate", "3_Constructor_Encapsulate\3_Constructor_Encapsulate.csproj", "{D1B22E37-7314-4312-99A5-23A6CD0A6F71}"
EndProject
Project("{9A19103F-16F7-4668-BE54-9A1E7A4F7556}") = "4_Inheritance_1", "4_Inheritance_1\4_Inheritance_1.csproj", "{98F5EA9F-EEF2-42DF-AFB7-98DE2E4DF4D7}"
EndProject
Project("{9A19103F-16F7-4668-BE54-9A1E7A4F7556}") = "4_Inheritance_2", "4_Inheritance_2\4_Inheritance_2.csproj", "{78FCDF55-27C0-493A-935C-95A149EB114A}"
EndProject
Project("{9A19103F-16F7-4668-BE54-9A1E7A4F7556}") = "5_Polymorphism", "5_Polymorphism\5_Polymorphism.csproj", "{B64E4BFA-859D-4D8D-BF1A-2B6746DFE367}"
EndProject
Project("{9A19103F-16F7-4668-BE54-9A1E7A4F7556}") = "5_Polymorphism_2", "5_Polymorphism_2\5_Polymorphism_2.csproj", "{B7267830-2CCD-4490-88BF-40F118FFE2E1}"
EndProject
Project("{9A19103F-16F7-4668-BE54-9A1E7A4F7556}") = "6_AbstractClass", "6_AbstractClass\6_AbstractClass.csproj", "{D4836256-1FE2-4485-9A98-6C8DCEF80725}"
EndProject
Project("{9A19103F-16F7-4668-BE54-9A1E7A4F7556}") = "6_AbstractMember", "6_AbstractMember\6_AbstractMember.csproj", "{E88BDD58-8EDA-486A-BBE4-3D7343C7B6FF}"
EndProject
Project("{9A19103F-16F7-4668-BE54-9A1E7A4F7556}") = "6_AbstractMember2", "6_AbsractMember2\6_AbstractMember2.csproj", "{973FFC54-593F-4236-9C88-36D6B14C4A31}"
EndProject
Project("{9A19103F-16F7-4668-BE54-9A1E7A4F7556}") = "7_Interface_1", "7_Interface_1\7_Interface_1.csproj", "{4C12E9DE-78CD-4D6A-8B90-66A5A3257DA2}"
EndProject
Project("{FAE04EC0-301F-11D3-BF4B-00C04F79EFBC}") = "7_Interface_2", "7_Interface_2\7_Interface_2.csproj", "{39BDF02B-51BB-4E33-8C10-6D36E843F49E}"
EndProject
Project("{FAE04EC0-301F-11D3-BF4B-00C04F79EFBC}") = "7_Interface_3", "7_Interface_3\7_Interface_3.csproj", "{C14727B8-7105-4F63-81AC-9AE0DF8232C0}"
EndProject
Global
	GlobalSection(SolutionConfigurationPlatforms) = preSolution
		Debug|Any CPU = Debug|Any CPU
		Release|Any CPU = Release|Any CPU
	EndGlobalSection
	GlobalSection(ProjectConfigurationPlatforms) = postSolution
		{137AE305-49EB-45D6-A32E-1221EDE20A73}.Debug|Any CPU.ActiveCfg = Debug|Any CPU
		{137AE305-49EB-45D6-A32E-1221EDE20A73}.Debug|Any CPU.Build.0 = Debug|Any CPU
		{137AE305-49EB-45D6-A32E-1221EDE20A73}.Release|Any CPU.ActiveCfg = Release|Any CPU
		{137AE305-49EB-45D6-A32E-1221EDE20A73}.Release|Any CPU.Build.0 = Release|Any CPU
		{78EDB429-5479-469F-9A86-E7F1082E8343}.Debug|Any CPU.ActiveCfg = Debug|Any CPU
		{78EDB429-5479-469F-9A86-E7F1082E8343}.Debug|Any CPU.Build.0 = Debug|Any CPU
		{78EDB429-5479-469F-9A86-E7F1082E8343}.Release|Any CPU.ActiveCfg = Release|Any CPU
		{78EDB429-5479-469F-9A86-E7F1082E8343}.Release|Any CPU.Build.0 = Release|Any CPU
		{638C4035-75A3-4E96-AD64-F18482B86473}.Debug|Any CPU.ActiveCfg = Debug|Any CPU
		{638C4035-75A3-4E96-AD64-F18482B86473}.Debug|Any CPU.Build.0 = Debug|Any CPU
		{638C4035-75A3-4E96-AD64-F18482B86473}.Release|Any CPU.ActiveCfg = Release|Any CPU
		{638C4035-75A3-4E96-AD64-F18482B86473}.Release|Any CPU.Build.0 = Release|Any CPU
		{465A99D3-5047-4617-AA12-1AB7541CBDF7}.Debug|Any CPU.ActiveCfg = Debug|Any CPU
		{465A99D3-5047-4617-AA12-1AB7541CBDF7}.Debug|Any CPU.Build.0 = Debug|Any CPU
		{465A99D3-5047-4617-AA12-1AB7541CBDF7}.Release|Any CPU.ActiveCfg = Release|Any CPU
		{465A99D3-5047-4617-AA12-1AB7541CBDF7}.Release|Any CPU.Build.0 = Release|Any CPU
		{49B3E7B6-E39E-438A-AB30-8A825A3AC6BE}.Debug|Any CPU.ActiveCfg = Debug|Any CPU
		{49B3E7B6-E39E-438A-AB30-8A825A3AC6BE}.Debug|Any CPU.Build.0 = Debug|Any CPU
		{49B3E7B6-E39E-438A-AB30-8A825A3AC6BE}.Release|Any CPU.ActiveCfg = Release|Any CPU
		{49B3E7B6-E39E-438A-AB30-8A825A3AC6BE}.Release|Any CPU.Build.0 = Release|Any CPU
		{D1B22E37-7314-4312-99A5-23A6CD0A6F71}.Debug|Any CPU.ActiveCfg = Debug|Any CPU
		{D1B22E37-7314-4312-99A5-23A6CD0A6F71}.Debug|Any CPU.Build.0 = Debug|Any CPU
		{D1B22E37-7314-4312-99A5-23A6CD0A6F71}.Release|Any CPU.ActiveCfg = Release|Any CPU
		{D1B22E37-7314-4312-99A5-23A6CD0A6F71}.Release|Any CPU.Build.0 = Release|Any CPU
		{98F5EA9F-EEF2-42DF-AFB7-98DE2E4DF4D7}.Debug|Any CPU.ActiveCfg = Debug|Any CPU
		{98F5EA9F-EEF2-42DF-AFB7-98DE2E4DF4D7}.Debug|Any CPU.Build.0 = Debug|Any CPU
		{98F5EA9F-EEF2-42DF-AFB7-98DE2E4DF4D7}.Release|Any CPU.ActiveCfg = Release|Any CPU
		{98F5EA9F-EEF2-42DF-AFB7-98DE2E4DF4D7}.Release|Any CPU.Build.0 = Release|Any CPU
		{78FCDF55-27C0-493A-935C-95A149EB114A}.Debug|Any CPU.ActiveCfg = Debug|Any CPU
		{78FCDF55-27C0-493A-935C-95A149EB114A}.Debug|Any CPU.Build.0 = Debug|Any CPU
		{78FCDF55-27C0-493A-935C-95A149EB114A}.Release|Any CPU.ActiveCfg = Release|Any CPU
		{78FCDF55-27C0-493A-935C-95A149EB114A}.Release|Any CPU.Build.0 = Release|Any CPU
		{B64E4BFA-859D-4D8D-BF1A-2B6746DFE367}.Debug|Any CPU.ActiveCfg = Debug|Any CPU
		{B64E4BFA-859D-4D8D-BF1A-2B6746DFE367}.Debug|Any CPU.Build.0 = Debug|Any CPU
		{B64E4BFA-859D-4D8D-BF1A-2B6746DFE367}.Release|Any CPU.ActiveCfg = Release|Any CPU
		{B64E4BFA-859D-4D8D-BF1A-2B6746DFE367}.Release|Any CPU.Build.0 = Release|Any CPU
		{B7267830-2CCD-4490-88BF-40F118FFE2E1}.Debug|Any CPU.ActiveCfg = Debug|Any CPU
		{B7267830-2CCD-4490-88BF-40F118FFE2E1}.Debug|Any CPU.Build.0 = Debug|Any CPU
		{B7267830-2CCD-4490-88BF-40F118FFE2E1}.Release|Any CPU.ActiveCfg = Release|Any CPU
		{B7267830-2CCD-4490-88BF-40F118FFE2E1}.Release|Any CPU.Build.0 = Release|Any CPU
		{D4836256-1FE2-4485-9A98-6C8DCEF80725}.Debug|Any CPU.ActiveCfg = Debug|Any CPU
		{D4836256-1FE2-4485-9A98-6C8DCEF80725}.Debug|Any CPU.Build.0 = Debug|Any CPU
		{D4836256-1FE2-4485-9A98-6C8DCEF80725}.Release|Any CPU.ActiveCfg = Release|Any CPU
		{D4836256-1FE2-4485-9A98-6C8DCEF80725}.Release|Any CPU.Build.0 = Release|Any CPU
		{E88BDD58-8EDA-486A-BBE4-3D7343C7B6FF}.Debug|Any CPU.ActiveCfg = Debug|Any CPU
		{E88BDD58-8EDA-486A-BBE4-3D7343C7B6FF}.Debug|Any CPU.Build.0 = Debug|Any CPU
		{E88BDD58-8EDA-486A-BBE4-3D7343C7B6FF}.Release|Any CPU.ActiveCfg = Release|Any CPU
		{E88BDD58-8EDA-486A-BBE4-3D7343C7B6FF}.Release|Any CPU.Build.0 = Release|Any CPU
		{973FFC54-593F-4236-9C88-36D6B14C4A31}.Debug|Any CPU.ActiveCfg = Debug|Any CPU
		{973FFC54-593F-4236-9C88-36D6B14C4A31}.Debug|Any CPU.Build.0 = Debug|Any CPU
		{973FFC54-593F-4236-9C88-36D6B14C4A31}.Release|Any CPU.ActiveCfg = Release|Any CPU
		{973FFC54-593F-4236-9C88-36D6B14C4A31}.Release|Any CPU.Build.0 = Release|Any CPU
		{4C12E9DE-78CD-4D6A-8B90-66A5A3257DA2}.Debug|Any CPU.ActiveCfg = Debug|Any CPU
		{4C12E9DE-78CD-4D6A-8B90-66A5A3257DA2}.Debug|Any CPU.Build.0 = Debug|Any CPU
		{4C12E9DE-78CD-4D6A-8B90-66A5A3257DA2}.Release|Any CPU.ActiveCfg = Release|Any CPU
		{4C12E9DE-78CD-4D6A-8B90-66A5A3257DA2}.Release|Any CPU.Build.0 = Release|Any CPU
		{39BDF02B-51BB-4E33-8C10-6D36E843F49E}.Debug|Any CPU.ActiveCfg = Debug|Any CPU
		{39BDF02B-51BB-4E33-8C10-6D36E843F49E}.Debug|Any CPU.Build.0 = Debug|Any CPU
		{39BDF02B-51BB-4E33-8C10-6D36E843F49E}.Release|Any CPU.ActiveCfg = Release|Any CPU
		{39BDF02B-51BB-4E33-8C10-6D36E843F49E}.Release|Any CPU.Build.0 = Release|Any CPU
		{C14727B8-7105-4F63-81AC-9AE0DF8232C0}.Debug|Any CPU.ActiveCfg = Debug|Any CPU
		{C14727B8-7105-4F63-81AC-9AE0DF8232C0}.Debug|Any CPU.Build.0 = Debug|Any CPU
		{C14727B8-7105-4F63-81AC-9AE0DF8232C0}.Release|Any CPU.ActiveCfg = Release|Any CPU
		{C14727B8-7105-4F63-81AC-9AE0DF8232C0}.Release|Any CPU.Build.0 = Release|Any CPU
	EndGlobalSection
	GlobalSection(SolutionProperties) = preSolution
		HideSolutionNode = FALSE
	EndGlobalSection
	GlobalSection(ExtensibilityGlobals) = postSolution
		SolutionGuid = {1CB68833-0B24-4248-95E6-F56B345C5F1D}
	EndGlobalSection
EndGlobal
